
Microsoft Visual Studio Solution File, Format Version 12.00
# Visual Studio 14
VisualStudioVersion = 14.0.25123.0
MinimumVisualStudioVersion = 10.0.40219.1
Project("{FAE04EC0-301F-11D3-BF4B-00C04F79EFBC}") = "MC", "MC\MC.csproj", "{5C332703-0922-4FF1-B7F3-56D6F0DCDFE7}"
EndProject
Project("{FAE04EC0-301F-11D3-BF4B-00C04F79EFBC}") = "Matrix", "Matrix\Matrix.csproj", "{3A6BCF2B-0B59-4ABD-8B5A-309EB3E9E1DA}"
EndProject
Project("{FAE04EC0-301F-11D3-BF4B-00C04F79EFBC}") = "ControlLibrary", "ControlLibrary\ControlLibrary.csproj", "{4054E9E8-915D-44B1-AD93-90BF9DA85B9F}"
EndProject
Project("{FAE04EC0-301F-11D3-BF4B-00C04F79EFBC}") = "Logging", "Logging\Logging.csproj", "{E1A954DA-D52F-4477-ADAD-0CC92625B610}"
EndProject
Global
	GlobalSection(SolutionConfigurationPlatforms) = preSolution
		Debug|Any CPU = Debug|Any CPU
		Release|Any CPU = Release|Any CPU
	EndGlobalSection
	GlobalSection(ProjectConfigurationPlatforms) = postSolution
		{5C332703-0922-4FF1-B7F3-56D6F0DCDFE7}.Debug|Any CPU.ActiveCfg = Debug|Any CPU
		{5C332703-0922-4FF1-B7F3-56D6F0DCDFE7}.Debug|Any CPU.Build.0 = Debug|Any CPU
		{5C332703-0922-4FF1-B7F3-56D6F0DCDFE7}.Release|Any CPU.ActiveCfg = Release|Any CPU
		{5C332703-0922-4FF1-B7F3-56D6F0DCDFE7}.Release|Any CPU.Build.0 = Release|Any CPU
		{3A6BCF2B-0B59-4ABD-8B5A-309EB3E9E1DA}.Debug|Any CPU.ActiveCfg = Debug|Any CPU
		{3A6BCF2B-0B59-4ABD-8B5A-309EB3E9E1DA}.Debug|Any CPU.Build.0 = Debug|Any CPU
		{3A6BCF2B-0B59-4ABD-8B5A-309EB3E9E1DA}.Release|Any CPU.ActiveCfg = Release|Any CPU
		{3A6BCF2B-0B59-4ABD-8B5A-309EB3E9E1DA}.Release|Any CPU.Build.0 = Release|Any CPU
		{4054E9E8-915D-44B1-AD93-90BF9DA85B9F}.Debug|Any CPU.ActiveCfg = Debug|Any CPU
		{4054E9E8-915D-44B1-AD93-90BF9DA85B9F}.Debug|Any CPU.Build.0 = Debug|Any CPU
		{4054E9E8-915D-44B1-AD93-90BF9DA85B9F}.Release|Any CPU.ActiveCfg = Release|Any CPU
		{4054E9E8-915D-44B1-AD93-90BF9DA85B9F}.Release|Any CPU.Build.0 = Release|Any CPU
		{E1A954DA-D52F-4477-ADAD-0CC92625B610}.Debug|Any CPU.ActiveCfg = Debug|Any CPU
		{E1A954DA-D52F-4477-ADAD-0CC92625B610}.Debug|Any CPU.Build.0 = Debug|Any CPU
		{E1A954DA-D52F-4477-ADAD-0CC92625B610}.Release|Any CPU.ActiveCfg = Release|Any CPU
		{E1A954DA-D52F-4477-ADAD-0CC92625B610}.Release|Any CPU.Build.0 = Release|Any CPU
	EndGlobalSection
	GlobalSection(SolutionProperties) = preSolution
		HideSolutionNode = FALSE
	EndGlobalSection
EndGlobal
